
Microsoft Visual Studio Solution File, Format Version 12.00
# Visual Studio Version 16
VisualStudioVersion = 16.0.29409.12
MinimumVisualStudioVersion = 10.0.40219.1
Project("{F184B08F-C81C-45F6-A57F-5ABD9991F28F}") = "Tales of Vesperia Save Editor", "Tales of Vesperia Save Editor\Tales of Vesperia Save Editor.vbproj", "{33DDB8AC-8454-4E7F-AB7A-AB94C19AEC87}"
EndProject
Global
	GlobalSection(SolutionConfigurationPlatforms) = preSolution
		Debug|Any CPU = Debug|Any CPU
		Release|Any CPU = Release|Any CPU
	EndGlobalSection
	GlobalSection(ProjectConfigurationPlatforms) = postSolution
		{33DDB8AC-8454-4E7F-AB7A-AB94C19AEC87}.Debug|Any CPU.ActiveCfg = Debug|Any CPU
		{33DDB8AC-8454-4E7F-AB7A-AB94C19AEC87}.Debug|Any CPU.Build.0 = Debug|Any CPU
		{33DDB8AC-8454-4E7F-AB7A-AB94C19AEC87}.Release|Any CPU.ActiveCfg = Release|Any CPU
		{33DDB8AC-8454-4E7F-AB7A-AB94C19AEC87}.Release|Any CPU.Build.0 = Release|Any CPU
	EndGlobalSection
	GlobalSection(SolutionProperties) = preSolution
		HideSolutionNode = FALSE
	EndGlobalSection
	GlobalSection(ExtensibilityGlobals) = postSolution
		SolutionGuid = {DE1A90A0-8771-4FA3-9098-D5802044C2C9}
	EndGlobalSection
EndGlobal
